{
  "nodes": {
    "awesome-git": {
      "flake": false,
      "locked": {
        "lastModified": 1732024569,
        "narHash": "sha256-GIUkREl60vQ0cOalA37sCgn7Gv8j/9egfRk9emgGm/Y=",
        "owner": "awesomeWM",
        "repo": "awesome",
        "rev": "0f950cbb625175134b45ea65acdf29b2cbe8c456",
        "type": "github"
      },
      "original": {
        "owner": "awesomeWM",
        "repo": "awesome",
        "type": "github"
      }
    },
    "dwm": {
      "flake": false,
      "locked": {
        "lastModified": 1738208079,
        "narHash": "sha256-xZ1VJzjKMgpFItKdFiuiVddq6rXapUaltmidP5vXK1E=",
        "owner": "KEROJAM",
        "repo": "dwm",
        "rev": "9826c43cb9a9834d2f15331ec188cec6dd88c62c",
        "type": "github"
      },
      "original": {
        "owner": "KEROJAM",
        "repo": "dwm",
        "type": "github"
      }
    },
    "dwmblocks": {
      "flake": false,
      "locked": {
        "lastModified": 1707868054,
        "narHash": "sha256-eQV2O+SGVS/kZzxDzS9E/pRk66snX/KGX9sj7I+d9No=",
        "owner": "KEROJAM",
        "repo": "dwmblocks",
        "rev": "e888349a6c7398e182ba761ca756d69831f6fd18",
        "type": "github"
      },
      "original": {
        "owner": "KEROJAM",
        "repo": "dwmblocks",
        "type": "github"
      }
    },
    "flake-parts": {
      "inputs": {
        "nixpkgs-lib": [
          "nur",
          "nixpkgs"
        ]
      },
      "locked": {
        "lastModified": 1733312601,
        "narHash": "sha256-4pDvzqnegAfRkPwO3wmwBhVi/Sye1mzps0zHWYnP88c=",
        "owner": "hercules-ci",
        "repo": "flake-parts",
        "rev": "205b12d8b7cd4802fbcb8e8ef6a0f1408781a4f9",
        "type": "github"
      },
      "original": {
        "owner": "hercules-ci",
        "repo": "flake-parts",
        "type": "github"
      }
    },
    "home-manager": {
      "inputs": {
        "nixpkgs": [
          "nixpkgs"
        ]
      },
      "locked": {
        "lastModified": 1738261073,
        "narHash": "sha256-469d7Sr5vKYEXmm5z+o+NoWFZvoTd9djv9JqDtc0AAg=",
        "owner": "nix-community",
        "repo": "home-manager",
        "rev": "a5e196d61f6e564f7fdeeb4a92cef92e1785d3f5",
        "type": "github"
      },
      "original": {
        "owner": "nix-community",
        "repo": "home-manager",
        "type": "github"
      }
    },
    "nix-flatpak": {
      "locked": {
        "lastModified": 1738175805,
        "narHash": "sha256-fPjaARmK522JLJ7wxFebxG4eE/3HHSmuAA78iAZ+A7g=",
        "owner": "gmodena",
        "repo": "nix-flatpak",
        "rev": "d4c75a33c4a7a16bf87cfd804fb5444a1ec53d49",
        "type": "github"
      },
      "original": {
        "owner": "gmodena",
        "repo": "nix-flatpak",
        "type": "github"
      }
    },
    "nixpkgs": {
      "locked": {
        "lastModified": 1738142207,
        "narHash": "sha256-NGqpVVxNAHwIicXpgaVqJEJWeyqzoQJ9oc8lnK9+WC4=",
        "owner": "nixos",
        "repo": "nixpkgs",
        "rev": "9d3ae807ebd2981d593cddd0080856873139aa40",
        "type": "github"
      },
      "original": {
        "owner": "nixos",
        "ref": "nixos-unstable",
        "repo": "nixpkgs",
        "type": "github"
      }
    },
    "nur": {
      "inputs": {
        "flake-parts": "flake-parts",
        "nixpkgs": [
          "nixpkgs"
        ],
        "treefmt-nix": "treefmt-nix"
      },
      "locked": {
        "lastModified": 1738259249,
        "narHash": "sha256-lIPWNJLgPB/Rxwjw402xkbbCXlrqVA8DcKSkxsDsTyI=",
        "owner": "nix-community",
        "repo": "NUR",
        "rev": "2a4c8bc15056585d661584c4441bb766427c5640",
        "type": "github"
      },
      "original": {
        "owner": "nix-community",
        "repo": "NUR",
        "type": "github"
      }
    },
    "root": {
      "inputs": {
        "awesome-git": "awesome-git",
        "dwm": "dwm",
        "dwmblocks": "dwmblocks",
        "home-manager": "home-manager",
        "nix-flatpak": "nix-flatpak",
        "nixpkgs": "nixpkgs",
        "nur": "nur"
      }
    },
    "treefmt-nix": {
      "inputs": {
        "nixpkgs": [
          "nur",
          "nixpkgs"
        ]
      },
      "locked": {
        "lastModified": 1733222881,
        "narHash": "sha256-JIPcz1PrpXUCbaccEnrcUS8jjEb/1vJbZz5KkobyFdM=",
        "owner": "numtide",
        "repo": "treefmt-nix",
        "rev": "49717b5af6f80172275d47a418c9719a31a78b53",
        "type": "github"
      },
      "original": {
        "owner": "numtide",
        "repo": "treefmt-nix",
        "type": "github"
      }
    }
  },
  "root": "root",
  "version": 7
}
